
Microsoft Visual Studio Solution File, Format Version 12.00
# Visual Studio 15
VisualStudioVersion = 15.0.27130.2036
MinimumVisualStudioVersion = 10.0.40219.1
Project("{FAE04EC0-301F-11D3-BF4B-00C04F79EFBC}") = "Puma.Security.Rules", "Rules\Puma.Security.Rules.csproj", "{0D0530A0-368E-459D-9008-CDC66F093C2F}"
EndProject
Project("{FAE04EC0-301F-11D3-BF4B-00C04F79EFBC}") = "Puma.Security.Rules.Vsix", "Vsix\Puma.Security.Rules.Vsix.csproj", "{8B03C2D1-8552-4010-A219-6D6262F10BD1}"
EndProject
Project("{9A19103F-16F7-4668-BE54-9A1E7A4F7556}") = "Puma.Security.Parser", "Puma.Security.Parser\Puma.Security.Parser.csproj", "{079331ED-D5A0-4CB3-9154-2345254D3337}"
EndProject
Global
	GlobalSection(SolutionConfigurationPlatforms) = preSolution
		Debug|Any CPU = Debug|Any CPU
		Release|Any CPU = Release|Any CPU
	EndGlobalSection
	GlobalSection(ProjectConfigurationPlatforms) = postSolution
		{0D0530A0-368E-459D-9008-CDC66F093C2F}.Debug|Any CPU.ActiveCfg = Debug|Any CPU
		{0D0530A0-368E-459D-9008-CDC66F093C2F}.Debug|Any CPU.Build.0 = Debug|Any CPU
		{0D0530A0-368E-459D-9008-CDC66F093C2F}.Release|Any CPU.ActiveCfg = Release|Any CPU
		{0D0530A0-368E-459D-9008-CDC66F093C2F}.Release|Any CPU.Build.0 = Release|Any CPU
		{8B03C2D1-8552-4010-A219-6D6262F10BD1}.Debug|Any CPU.ActiveCfg = Debug|Any CPU
		{8B03C2D1-8552-4010-A219-6D6262F10BD1}.Debug|Any CPU.Build.0 = Debug|Any CPU
		{8B03C2D1-8552-4010-A219-6D6262F10BD1}.Release|Any CPU.ActiveCfg = Release|Any CPU
		{8B03C2D1-8552-4010-A219-6D6262F10BD1}.Release|Any CPU.Build.0 = Release|Any CPU
		{079331ED-D5A0-4CB3-9154-2345254D3337}.Debug|Any CPU.ActiveCfg = Debug|Any CPU
		{079331ED-D5A0-4CB3-9154-2345254D3337}.Debug|Any CPU.Build.0 = Debug|Any CPU
		{079331ED-D5A0-4CB3-9154-2345254D3337}.Release|Any CPU.ActiveCfg = Release|Any CPU
		{079331ED-D5A0-4CB3-9154-2345254D3337}.Release|Any CPU.Build.0 = Release|Any CPU
	EndGlobalSection
	GlobalSection(SolutionProperties) = preSolution
		HideSolutionNode = FALSE
	EndGlobalSection
	GlobalSection(ExtensibilityGlobals) = postSolution
		SolutionGuid = {72DC64BE-FA8A-4192-8222-E3852F0E9D99}
	EndGlobalSection
EndGlobal
