
Microsoft Visual Studio Solution File, Format Version 12.00
# Visual Studio Version 16
VisualStudioVersion = 16.0.30011.22
MinimumVisualStudioVersion = 10.0.40219.1
Project("{9A19103F-16F7-4668-BE54-9A1E7A4F7556}") = "Puma.Security.Rules", "Puma.Security.Rules\Puma.Security.Rules.csproj", "{B198B981-D039-43D2-8B84-2B4F1BC1A1BA}"
EndProject
Project("{9A19103F-16F7-4668-BE54-9A1E7A4F7556}") = "Puma.Security.Rules.Test", "Puma.Security.Rules.Test\Puma.Security.Rules.Test.csproj", "{50CD394B-EBB9-4572-9C36-62FFE781A7EA}"
EndProject
Project("{FAE04EC0-301F-11D3-BF4B-00C04F79EFBC}") = "Puma.Security.Rules.Vsix", "Puma.Security.Rules.Vsix\Puma.Security.Rules.Vsix.csproj", "{D22E20C3-699D-4FB0-98CE-C009FC81FBD9}"
EndProject
Project("{2150E333-8FDC-42A3-9474-1A3956D46DE8}") = "Tests", "Tests", "{E1CAAD83-2689-448B-91D2-1251A4B741A0}"
EndProject
Project("{9A19103F-16F7-4668-BE54-9A1E7A4F7556}") = "Puma.Security.Parser", "Puma.Security.Parser\Puma.Security.Parser.csproj", "{D5AED582-DD4A-46A6-B6B7-27F094D87C47}"
EndProject
Project("{2150E333-8FDC-42A3-9474-1A3956D46DE8}") = "Docker", "Docker", "{D817A3BC-3329-49F2-BB4A-6CA03DEB632A}"
	ProjectSection(SolutionItems) = preProject
		Dockerfile = Dockerfile
		pumascan.sh = pumascan.sh
	EndProjectSection
EndProject
Project("{2150E333-8FDC-42A3-9474-1A3956D46DE8}") = "build", "build", "{1894DE7D-7C09-4FE6-84E8-256ADD726DAB}"
EndProject
Global
	GlobalSection(SolutionConfigurationPlatforms) = preSolution
		Debug|Any CPU = Debug|Any CPU
		Release|Any CPU = Release|Any CPU
	EndGlobalSection
	GlobalSection(ProjectConfigurationPlatforms) = postSolution
		{B198B981-D039-43D2-8B84-2B4F1BC1A1BA}.Debug|Any CPU.ActiveCfg = Debug|Any CPU
		{B198B981-D039-43D2-8B84-2B4F1BC1A1BA}.Debug|Any CPU.Build.0 = Debug|Any CPU
		{B198B981-D039-43D2-8B84-2B4F1BC1A1BA}.Release|Any CPU.ActiveCfg = Release|Any CPU
		{B198B981-D039-43D2-8B84-2B4F1BC1A1BA}.Release|Any CPU.Build.0 = Release|Any CPU
		{50CD394B-EBB9-4572-9C36-62FFE781A7EA}.Debug|Any CPU.ActiveCfg = Debug|Any CPU
		{50CD394B-EBB9-4572-9C36-62FFE781A7EA}.Debug|Any CPU.Build.0 = Debug|Any CPU
		{50CD394B-EBB9-4572-9C36-62FFE781A7EA}.Release|Any CPU.ActiveCfg = Release|Any CPU
		{50CD394B-EBB9-4572-9C36-62FFE781A7EA}.Release|Any CPU.Build.0 = Release|Any CPU
		{D22E20C3-699D-4FB0-98CE-C009FC81FBD9}.Debug|Any CPU.ActiveCfg = Debug|Any CPU
		{D22E20C3-699D-4FB0-98CE-C009FC81FBD9}.Debug|Any CPU.Build.0 = Debug|Any CPU
		{D22E20C3-699D-4FB0-98CE-C009FC81FBD9}.Release|Any CPU.ActiveCfg = Release|Any CPU
		{D22E20C3-699D-4FB0-98CE-C009FC81FBD9}.Release|Any CPU.Build.0 = Release|Any CPU
		{D5AED582-DD4A-46A6-B6B7-27F094D87C47}.Debug|Any CPU.ActiveCfg = Debug|Any CPU
		{D5AED582-DD4A-46A6-B6B7-27F094D87C47}.Debug|Any CPU.Build.0 = Debug|Any CPU
		{D5AED582-DD4A-46A6-B6B7-27F094D87C47}.Release|Any CPU.ActiveCfg = Release|Any CPU
		{D5AED582-DD4A-46A6-B6B7-27F094D87C47}.Release|Any CPU.Build.0 = Release|Any CPU
	EndGlobalSection
	GlobalSection(SolutionProperties) = preSolution
		HideSolutionNode = FALSE
	EndGlobalSection
	GlobalSection(NestedProjects) = preSolution
		{50CD394B-EBB9-4572-9C36-62FFE781A7EA} = {E1CAAD83-2689-448B-91D2-1251A4B741A0}
	EndGlobalSection
	GlobalSection(ExtensibilityGlobals) = postSolution
		SolutionGuid = {307896BF-6834-4B26-849E-C6E14B7ED66C}
	EndGlobalSection
EndGlobal
